
Microsoft Visual Studio Solution File, Format Version 12.00
# Visual Studio Version 16
VisualStudioVersion = 16.0.31105.61
MinimumVisualStudioVersion = 10.0.40219.1
Project("{9A19103F-16F7-4668-BE54-9A1E7A4F7556}") = "nandtesting", "nandtesting\nandtesting.csproj", "{89EA91BE-BF12-4526-959F-29C5FFA17BB9}"
EndProject
Project("{FAE04EC0-301F-11D3-BF4B-00C04F79EFBC}") = "MathsTest", "SimpleUnitTest\MathsTest\MathsTest.csproj", "{BA98E2E1-F630-4B04-92E6-22D49B4AAEFF}"
EndProject
Project("{FAE04EC0-301F-11D3-BF4B-00C04F79EFBC}") = "MyMathsLibrary", "SimpleUnitTest\MyMathsLibrary\MyMathsLibrary.csproj", "{5DDB5E3B-32BB-42C5-88CD-848D4E3FEF38}"
EndProject
Global
	GlobalSection(SolutionConfigurationPlatforms) = preSolution
		Debug|Any CPU = Debug|Any CPU
		Release|Any CPU = Release|Any CPU
	EndGlobalSection
	GlobalSection(ProjectConfigurationPlatforms) = postSolution
		{89EA91BE-BF12-4526-959F-29C5FFA17BB9}.Debug|Any CPU.ActiveCfg = Debug|Any CPU
		{89EA91BE-BF12-4526-959F-29C5FFA17BB9}.Debug|Any CPU.Build.0 = Debug|Any CPU
		{89EA91BE-BF12-4526-959F-29C5FFA17BB9}.Release|Any CPU.ActiveCfg = Release|Any CPU
		{89EA91BE-BF12-4526-959F-29C5FFA17BB9}.Release|Any CPU.Build.0 = Release|Any CPU
		{BA98E2E1-F630-4B04-92E6-22D49B4AAEFF}.Debug|Any CPU.ActiveCfg = Debug|Any CPU
		{BA98E2E1-F630-4B04-92E6-22D49B4AAEFF}.Debug|Any CPU.Build.0 = Debug|Any CPU
		{BA98E2E1-F630-4B04-92E6-22D49B4AAEFF}.Release|Any CPU.ActiveCfg = Release|Any CPU
		{BA98E2E1-F630-4B04-92E6-22D49B4AAEFF}.Release|Any CPU.Build.0 = Release|Any CPU
		{5DDB5E3B-32BB-42C5-88CD-848D4E3FEF38}.Debug|Any CPU.ActiveCfg = Debug|Any CPU
		{5DDB5E3B-32BB-42C5-88CD-848D4E3FEF38}.Debug|Any CPU.Build.0 = Debug|Any CPU
		{5DDB5E3B-32BB-42C5-88CD-848D4E3FEF38}.Release|Any CPU.ActiveCfg = Release|Any CPU
		{5DDB5E3B-32BB-42C5-88CD-848D4E3FEF38}.Release|Any CPU.Build.0 = Release|Any CPU
	EndGlobalSection
	GlobalSection(SolutionProperties) = preSolution
		HideSolutionNode = FALSE
	EndGlobalSection
	GlobalSection(ExtensibilityGlobals) = postSolution
		SolutionGuid = {187194E9-474E-4F2F-ACDB-BA4F8263AB4C}
	EndGlobalSection
EndGlobal
